
Microsoft Visual Studio Solution File, Format Version 12.00
# Visual Studio Version 17
VisualStudioVersion = 17.6.33801.468
MinimumVisualStudioVersion = 10.0.40219.1
Project("{9A19103F-16F7-4668-BE54-9A1E7A4F7556}") = "HustlerzOasiz.Web", "HustlerzOasiz.Web\HustlerzOasiz.Web.csproj", "{6EF2BB45-BBD3-4FA2-A25E-FA8876B742A3}"
EndProject
Project("{9A19103F-16F7-4668-BE54-9A1E7A4F7556}") = "HustlerzOasiz.Common", "HustlerzOasiz.Common\HustlerzOasiz.Common.csproj", "{B078C15E-4773-4EC5-89F0-6AAD5FD9CC88}"
EndProject
Project("{2150E333-8FDC-42A3-9474-1A3956D46DE8}") = "Solution Items", "Solution Items", "{6446C1F2-A7D9-42EA-861C-8D3492496C7A}"
	ProjectSection(SolutionItems) = preProject
		.gitignore = .gitignore
	EndProjectSection
EndProject
Project("{2150E333-8FDC-42A3-9474-1A3956D46DE8}") = "Web", "Web", "{CEDBE9C3-DAD9-4309-8FD4-7E88DDC9AC48}"
EndProject
Project("{2150E333-8FDC-42A3-9474-1A3956D46DE8}") = "Data", "Data", "{99FC3A4E-664C-4F35-B633-5694B8C655E7}"
EndProject
Project("{9A19103F-16F7-4668-BE54-9A1E7A4F7556}") = "HustlerzOasiz.Data", "MarauderzOasiz.Data\HustlerzOasiz.Data.csproj", "{01BE34A9-3A8F-4E54-A155-36CE2D8652C6}"
EndProject
Project("{9A19103F-16F7-4668-BE54-9A1E7A4F7556}") = "HustlerzOasiz.Data.Models", "MarauderzOasiz.Data.Models\HustlerzOasiz.Data.Models.csproj", "{64453318-DFF6-4D99-BC0C-6F7061802103}"
EndProject
Project("{9A19103F-16F7-4668-BE54-9A1E7A4F7556}") = "HustlerzOasiz.Web.ViewModels", "HustlerzOasiz.Web.ViewModels\HustlerzOasiz.Web.ViewModels.csproj", "{7E631401-9BD9-445D-B6E9-899D34CC43A9}"
EndProject
Project("{2150E333-8FDC-42A3-9474-1A3956D46DE8}") = "Services", "Services", "{9A5CAA29-6EF3-41EF-B4CB-BE0E4D5721B1}"
EndProject
Project("{9A19103F-16F7-4668-BE54-9A1E7A4F7556}") = "HustlerzOasiz.Services.Data", "HustlerzOasiz.Services.Data\HustlerzOasiz.Services.Data.csproj", "{4BC80DCB-79D8-451E-9D35-5000D7C4905B}"
EndProject
Project("{9A19103F-16F7-4668-BE54-9A1E7A4F7556}") = "HustlerzOasiz.Web.Infrastructure", "HustlerzOasiz.Web.Infrastructure\HustlerzOasiz.Web.Infrastructure.csproj", "{6048FE4F-6066-4A71-841B-C3A2842A7D4C}"
EndProject
Project("{9A19103F-16F7-4668-BE54-9A1E7A4F7556}") = "HustlerzOasiz.WebApi", "HustlerzOasiz.WebApi\HustlerzOasiz.WebApi.csproj", "{2F402628-D57D-41BE-BB97-0F8F3AEC41D0}"
EndProject
Project("{9A19103F-16F7-4668-BE54-9A1E7A4F7556}") = "HustlerzOasiz.Services.Data.Models", "HustlerzOasiz.Services.Data.Models\HustlerzOasiz.Services.Data.Models.csproj", "{A3646BCC-49C9-4FE9-88EC-66BD1C5F6CBC}"
EndProject
Project("{FAE04EC0-301F-11D3-BF4B-00C04F79EFBC}") = "HustlerzOasiz.Services.Mapping", "HustlerzOasiz.Services.Maping\HustlerzOasiz.Services.Mapping.csproj", "{654ADAEC-D208-4980-AEF8-1E33D8485340}"
EndProject
Global
	GlobalSection(SolutionConfigurationPlatforms) = preSolution
		Debug|Any CPU = Debug|Any CPU
		Release|Any CPU = Release|Any CPU
	EndGlobalSection
	GlobalSection(ProjectConfigurationPlatforms) = postSolution
		{6EF2BB45-BBD3-4FA2-A25E-FA8876B742A3}.Debug|Any CPU.ActiveCfg = Debug|Any CPU
		{6EF2BB45-BBD3-4FA2-A25E-FA8876B742A3}.Debug|Any CPU.Build.0 = Debug|Any CPU
		{6EF2BB45-BBD3-4FA2-A25E-FA8876B742A3}.Release|Any CPU.ActiveCfg = Release|Any CPU
		{6EF2BB45-BBD3-4FA2-A25E-FA8876B742A3}.Release|Any CPU.Build.0 = Release|Any CPU
		{B078C15E-4773-4EC5-89F0-6AAD5FD9CC88}.Debug|Any CPU.ActiveCfg = Debug|Any CPU
		{B078C15E-4773-4EC5-89F0-6AAD5FD9CC88}.Debug|Any CPU.Build.0 = Debug|Any CPU
		{B078C15E-4773-4EC5-89F0-6AAD5FD9CC88}.Release|Any CPU.ActiveCfg = Release|Any CPU
		{B078C15E-4773-4EC5-89F0-6AAD5FD9CC88}.Release|Any CPU.Build.0 = Release|Any CPU
		{01BE34A9-3A8F-4E54-A155-36CE2D8652C6}.Debug|Any CPU.ActiveCfg = Debug|Any CPU
		{01BE34A9-3A8F-4E54-A155-36CE2D8652C6}.Debug|Any CPU.Build.0 = Debug|Any CPU
		{01BE34A9-3A8F-4E54-A155-36CE2D8652C6}.Release|Any CPU.ActiveCfg = Release|Any CPU
		{01BE34A9-3A8F-4E54-A155-36CE2D8652C6}.Release|Any CPU.Build.0 = Release|Any CPU
		{64453318-DFF6-4D99-BC0C-6F7061802103}.Debug|Any CPU.ActiveCfg = Debug|Any CPU
		{64453318-DFF6-4D99-BC0C-6F7061802103}.Debug|Any CPU.Build.0 = Debug|Any CPU
		{64453318-DFF6-4D99-BC0C-6F7061802103}.Release|Any CPU.ActiveCfg = Release|Any CPU
		{64453318-DFF6-4D99-BC0C-6F7061802103}.Release|Any CPU.Build.0 = Release|Any CPU
		{7E631401-9BD9-445D-B6E9-899D34CC43A9}.Debug|Any CPU.ActiveCfg = Debug|Any CPU
		{7E631401-9BD9-445D-B6E9-899D34CC43A9}.Debug|Any CPU.Build.0 = Debug|Any CPU
		{7E631401-9BD9-445D-B6E9-899D34CC43A9}.Release|Any CPU.ActiveCfg = Release|Any CPU
		{7E631401-9BD9-445D-B6E9-899D34CC43A9}.Release|Any CPU.Build.0 = Release|Any CPU
		{4BC80DCB-79D8-451E-9D35-5000D7C4905B}.Debug|Any CPU.ActiveCfg = Debug|Any CPU
		{4BC80DCB-79D8-451E-9D35-5000D7C4905B}.Debug|Any CPU.Build.0 = Debug|Any CPU
		{4BC80DCB-79D8-451E-9D35-5000D7C4905B}.Release|Any CPU.ActiveCfg = Release|Any CPU
		{4BC80DCB-79D8-451E-9D35-5000D7C4905B}.Release|Any CPU.Build.0 = Release|Any CPU
		{6048FE4F-6066-4A71-841B-C3A2842A7D4C}.Debug|Any CPU.ActiveCfg = Debug|Any CPU
		{6048FE4F-6066-4A71-841B-C3A2842A7D4C}.Debug|Any CPU.Build.0 = Debug|Any CPU
		{6048FE4F-6066-4A71-841B-C3A2842A7D4C}.Release|Any CPU.ActiveCfg = Release|Any CPU
		{6048FE4F-6066-4A71-841B-C3A2842A7D4C}.Release|Any CPU.Build.0 = Release|Any CPU
		{2F402628-D57D-41BE-BB97-0F8F3AEC41D0}.Debug|Any CPU.ActiveCfg = Debug|Any CPU
		{2F402628-D57D-41BE-BB97-0F8F3AEC41D0}.Debug|Any CPU.Build.0 = Debug|Any CPU
		{2F402628-D57D-41BE-BB97-0F8F3AEC41D0}.Release|Any CPU.ActiveCfg = Release|Any CPU
		{2F402628-D57D-41BE-BB97-0F8F3AEC41D0}.Release|Any CPU.Build.0 = Release|Any CPU
		{A3646BCC-49C9-4FE9-88EC-66BD1C5F6CBC}.Debug|Any CPU.ActiveCfg = Debug|Any CPU
		{A3646BCC-49C9-4FE9-88EC-66BD1C5F6CBC}.Debug|Any CPU.Build.0 = Debug|Any CPU
		{A3646BCC-49C9-4FE9-88EC-66BD1C5F6CBC}.Release|Any CPU.ActiveCfg = Release|Any CPU
		{A3646BCC-49C9-4FE9-88EC-66BD1C5F6CBC}.Release|Any CPU.Build.0 = Release|Any CPU
		{654ADAEC-D208-4980-AEF8-1E33D8485340}.Debug|Any CPU.ActiveCfg = Debug|Any CPU
		{654ADAEC-D208-4980-AEF8-1E33D8485340}.Debug|Any CPU.Build.0 = Debug|Any CPU
		{654ADAEC-D208-4980-AEF8-1E33D8485340}.Release|Any CPU.ActiveCfg = Release|Any CPU
		{654ADAEC-D208-4980-AEF8-1E33D8485340}.Release|Any CPU.Build.0 = Release|Any CPU
	EndGlobalSection
	GlobalSection(SolutionProperties) = preSolution
		HideSolutionNode = FALSE
	EndGlobalSection
	GlobalSection(NestedProjects) = preSolution
		{6EF2BB45-BBD3-4FA2-A25E-FA8876B742A3} = {CEDBE9C3-DAD9-4309-8FD4-7E88DDC9AC48}
		{01BE34A9-3A8F-4E54-A155-36CE2D8652C6} = {99FC3A4E-664C-4F35-B633-5694B8C655E7}
		{64453318-DFF6-4D99-BC0C-6F7061802103} = {99FC3A4E-664C-4F35-B633-5694B8C655E7}
		{7E631401-9BD9-445D-B6E9-899D34CC43A9} = {CEDBE9C3-DAD9-4309-8FD4-7E88DDC9AC48}
		{4BC80DCB-79D8-451E-9D35-5000D7C4905B} = {9A5CAA29-6EF3-41EF-B4CB-BE0E4D5721B1}
		{6048FE4F-6066-4A71-841B-C3A2842A7D4C} = {CEDBE9C3-DAD9-4309-8FD4-7E88DDC9AC48}
		{2F402628-D57D-41BE-BB97-0F8F3AEC41D0} = {CEDBE9C3-DAD9-4309-8FD4-7E88DDC9AC48}
		{A3646BCC-49C9-4FE9-88EC-66BD1C5F6CBC} = {9A5CAA29-6EF3-41EF-B4CB-BE0E4D5721B1}
		{654ADAEC-D208-4980-AEF8-1E33D8485340} = {9A5CAA29-6EF3-41EF-B4CB-BE0E4D5721B1}
	EndGlobalSection
	GlobalSection(ExtensibilityGlobals) = postSolution
		SolutionGuid = {9CC6EC82-61DB-490F-BEFF-539B16521A48}
	EndGlobalSection
EndGlobal
